
Microsoft Visual Studio Solution File, Format Version 12.00
# Visual Studio Version 16
VisualStudioVersion = 16.0.31112.23
MinimumVisualStudioVersion = 10.0.40219.1
Project("{8BC9CEB8-8B4A-11D0-8D11-00A0C91BC942}") = "S006", "S006.vcxproj", "{A8A33FFD-6AE8-4048-871F-4F7249652509}"
EndProject
Global
	GlobalSection(SolutionConfigurationPlatforms) = preSolution
		Debug|x64 = Debug|x64
		Debug|x86 = Debug|x86
		Release|x64 = Release|x64
		Release|x86 = Release|x86
	EndGlobalSection
	GlobalSection(ProjectConfigurationPlatforms) = postSolution
		{A8A33FFD-6AE8-4048-871F-4F7249652509}.Debug|x64.ActiveCfg = Debug|x64
		{A8A33FFD-6AE8-4048-871F-4F7249652509}.Debug|x64.Build.0 = Debug|x64
		{A8A33FFD-6AE8-4048-871F-4F7249652509}.Debug|x86.ActiveCfg = Debug|Win32
		{A8A33FFD-6AE8-4048-871F-4F7249652509}.Debug|x86.Build.0 = Debug|Win32
		{A8A33FFD-6AE8-4048-871F-4F7249652509}.Release|x64.ActiveCfg = Release|x64
		{A8A33FFD-6AE8-4048-871F-4F7249652509}.Release|x64.Build.0 = Release|x64
		{A8A33FFD-6AE8-4048-871F-4F7249652509}.Release|x86.ActiveCfg = Release|Win32
		{A8A33FFD-6AE8-4048-871F-4F7249652509}.Release|x86.Build.0 = Release|Win32
	EndGlobalSection
	GlobalSection(SolutionProperties) = preSolution
		HideSolutionNode = FALSE
	EndGlobalSection
	GlobalSection(ExtensibilityGlobals) = postSolution
		SolutionGuid = {293C1BC7-17E5-41D0-A02B-C5FE99420CAA}
	EndGlobalSection
EndGlobal
